
Microsoft Visual Studio Solution File, Format Version 12.00
# Visual Studio Version 17
VisualStudioVersion = 17.12.35521.163
MinimumVisualStudioVersion = 10.0.40219.1
Project("{FAE04EC0-301F-11D3-BF4B-00C04F79EFBC}") = "GameSotre.Api", "GameSotre.Api\GameSotre.Api.csproj", "{4F47DE1E-0AA3-4502-8E77-EDFED1798AA7}"
EndProject
Project("{2150E333-8FDC-42A3-9474-1A3956D46DE8}") = "Solution Items", "Solution Items", "{7DA8ED1F-56FC-4F56-922A-973311D42D30}"
	ProjectSection(SolutionItems) = preProject
		info.md = info.md
	EndProjectSection
EndProject
Global
	GlobalSection(SolutionConfigurationPlatforms) = preSolution
		Debug|Any CPU = Debug|Any CPU
		Release|Any CPU = Release|Any CPU
	EndGlobalSection
	GlobalSection(ProjectConfigurationPlatforms) = postSolution
		{4F47DE1E-0AA3-4502-8E77-EDFED1798AA7}.Debug|Any CPU.ActiveCfg = Debug|Any CPU
		{4F47DE1E-0AA3-4502-8E77-EDFED1798AA7}.Debug|Any CPU.Build.0 = Debug|Any CPU
		{4F47DE1E-0AA3-4502-8E77-EDFED1798AA7}.Release|Any CPU.ActiveCfg = Release|Any CPU
		{4F47DE1E-0AA3-4502-8E77-EDFED1798AA7}.Release|Any CPU.Build.0 = Release|Any CPU
	EndGlobalSection
	GlobalSection(SolutionProperties) = preSolution
		HideSolutionNode = FALSE
	EndGlobalSection
EndGlobal
